// !$*UTF8*$!
{
	archiveVersion = 1;
	classes = {
	};
	objectVersion = 50;
	objects = {

/* Begin PBXBuildFile section */
		BC4F1DA3251A4D8000EE45C0 /* AppDelegate.swift in Sources */ = {isa = PBXBuildFile; fileRef = BC4F1DA2251A4D8000EE45C0 /* AppDelegate.swift */; };
		BC4F1DA5251A4D8000EE45C0 /* SceneDelegate.swift in Sources */ = {isa = PBXBuildFile; fileRef = BC4F1DA4251A4D8000EE45C0 /* SceneDelegate.swift */; };
		BC4F1DA7251A4D8000EE45C0 /* ViewController.swift in Sources */ = {isa = PBXBuildFile; fileRef = BC4F1DA6251A4D8000EE45C0 /* ViewController.swift */; };
		BC4F1DAA251A4D8000EE45C0 /* Main.storyboard in Resources */ = {isa = PBXBuildFile; fileRef = BC4F1DA8251A4D8000EE45C0 /* Main.storyboard */; };
		BC4F1DAC251A4D8400EE45C0 /* Assets.xcassets in Resources */ = {isa = PBXBuildFile; fileRef = BC4F1DAB251A4D8400EE45C0 /* Assets.xcassets */; };
		BC4F1DAF251A4D8400EE45C0 /* LaunchScreen.storyboard in Resources */ = {isa = PBXBuildFile; fileRef = BC4F1DAD251A4D8400EE45C0 /* LaunchScreen.storyboard */; };
/* End PBXBuildFile section */

/* Begin PBXFileReference section */
		BC4F1D9F251A4D8000EE45C0 /* BOW.app */ = {isa = PBXFileReference; explicitFileType = wrapper.application; includeInIndex = 0; path = BOW.app; sourceTree = BUILT_PRODUCTS_DIR; };
		BC4F1DA2251A4D8000EE45C0 /* AppDelegate.swift */ = {isa = PBXFileReference; lastKnownFileType = sourcecode.swift; path = AppDelegate.swift; sourceTree = "<group>"; };
		BC4F1DA4251A4D8000EE45C0 /* SceneDelegate.swift */ = {isa = PBXFileReference; lastKnownFileType = sourcecode.swift; path = SceneDelegate.swift; sourceTree = "<group>"; };
		BC4F1DA6251A4D8000EE45C0 /* ViewController.swift */ = {isa = PBXFileReference; lastKnownFileType = sourcecode.swift; path = ViewController.swift; sourceTree = "<group>"; };
		BC4F1DA9251A4D8000EE45C0 /* Base */ = {isa = PBXFileReference; lastKnownFileType = file.storyboard; name = Base; path = Base.lproj/Main.storyboard; sourceTree = "<group>"; };
		BC4F1DAB251A4D8400EE45C0 /* Assets.xcassets */ = {isa = PBXFileReference; lastKnownFileType = folder.assetcatalog; path = Assets.xcassets; sourceTree = "<group>"; };
		BC4F1DAE251A4D8400EE45C0 /* Base */ = {isa = PBXFileReference; lastKnownFileType = file.storyboard; name = Base; path = Base.lproj/LaunchScreen.storyboard; sourceTree = "<group>"; };
		BC4F1DB0251A4D8400EE45C0 /* Info.plist */ = {isa = PBXFileReference; lastKnownFileType = text.plist.xml; path = Info.plist; sourceTree = "<group>"; };
/* End PBXFileReference section */

/* Begin PBXFrameworksBuildPhase section */
		BC4F1D9C251A4D7F00EE45C0 /* Frameworks */ = {
			isa = PBXFrameworksBuildPhase;
			buildActionMask = 2147483647;
			files = (
			);
			runOnlyForDeploymentPostprocessing = 0;
		};
/* End PBXFrameworksBuildPhase section */

/* Begin PBXGroup section */
		BC4F1D96251A4D7F00EE45C0 = {
			isa = PBXGroup;
			children = (
				BC4F1DA1251A4D8000EE45C0 /* BOW */,
				BC4F1DA0251A4D8000EE45C0 /* Products */,
			);
			sourceTree = "<group>";
		};
		BC4F1DA0251A4D8000EE45C0 /* Products */ = {
			isa = PBXGroup;
			children = (
				BC4F1D9F251A4D8000EE45C0 /* BOW.app */,
			);
			name = Products;
			sourceTree = "<group>";
		};
		BC4F1DA1251A4D8000EE45C0 /* BOW */ = {
			isa = PBXGroup;
			children = (
				BC4F1DA2251A4D8000EE45C0 /* AppDelegate.swift */,
				BC4F1DA4251A4D8000EE45C0 /* SceneDelegate.swift */,
				BC4F1DA6251A4D8000EE45C0 /* ViewController.swift */,
				BC4F1DA8251A4D8000EE45C0 /* Main.storyboard */,
				BC4F1DAB251A4D8400EE45C0 /* Assets.xcassets */,
				BC4F1DAD251A4D8400EE45C0 /* LaunchScreen.storyboard */,
				BC4F1DB0251A4D8400EE45C0 /* Info.plist */,
			);
			path = BOW;
			sourceTree = "<group>";
		};
/* End PBXGroup section */

/* Begin PBXNativeTarget section */
		BC4F1D9E251A4D7F00EE45C0 /* BOW */ = {
			isa = PBXNativeTarget;
			buildConfigurationList = BC4F1DB3251A4D8400EE45C0 /* Build configuration list for PBXNativeTarget "BOW" */;
			buildPhases = (
				BC4F1D9B251A4D7F00EE45C0 /* Sources */,
				BC4F1D9C251A4D7F00EE45C0 /* Frameworks */,
				BC4F1D9D251A4D7F00EE45C0 /* Resources */,
			);
			buildRules = (
			);
			dependencies = (
			);
			name = BOW;
			productName = BOW;
			productReference = BC4F1D9F251A4D8000EE45C0 /* BOW.app */;
			productType = "com.apple.product-type.application";
		};
/* End PBXNativeTarget section */

/* Begin PBXProject section */
		BC4F1D97251A4D7F00EE45C0 /* Project object */ = {
			isa = PBXProject;
			attributes = {
				LastSwiftUpdateCheck = 1200;
				LastUpgradeCheck = 1200;
				TargetAttributes = {
					BC4F1D9E251A4D7F00EE45C0 = {
						CreatedOnToolsVersion = 12.0;
					};
				};
			};
			buildConfigurationList = BC4F1D9A251A4D7F00EE45C0 /* Build configuration list for PBXProject "BOW" */;
			compatibilityVersion = "Xcode 9.3";
			developmentRegion = en;
			hasScannedForEncodings = 0;
			knownRegions = (
				en,
				Base,
			);
			mainGroup = BC4F1D96251A4D7F00EE45C0;
			productRefGroup = BC4F1DA0251A4D8000EE45C0 /* Products */;
			projectDirPath = "";
			projectRoot = "";
			targets = (
				BC4F1D9E251A4D7F00EE45C0 /* BOW */,
			);
		};
/* End PBXProject section */

/* Begin PBXResourcesBuildPhase section */
		BC4F1D9D251A4D7F00EE45C0 /* Resources */ = {
			isa = PBXResourcesBuildPhase;
			buildActionMask = 2147483647;
			files = (
				BC4F1DAF251A4D8400EE45C0 /* LaunchScreen.storyboard in Resources */,
				BC4F1DAC251A4D8400EE45C0 /* Assets.xcassets in Resources */,
				BC4F1DAA251A4D8000EE45C0 /* Main.storyboard in Resources */,
			);
			runOnlyForDeploymentPostprocessing = 0;
		};
/* End PBXResourcesBuildPhase section */

/* Begin PBXSourcesBuildPhase section */
		BC4F1D9B251A4D7F00EE45C0 /* Sources */ = {
			isa = PBXSourcesBuildPhase;
			buildActionMask = 2147483647;
			files = (
				BC4F1DA7251A4D8000EE45C0 /* ViewController.swift in Sources */,
				BC4F1DA3251A4D8000EE45C0 /* AppDelegate.swift in Sources */,
				BC4F1DA5251A4D8000EE45C0 /* SceneDelegate.swift in Sources */,
			);
			runOnlyForDeploymentPostprocessing = 0;
		};
/* End PBXSourcesBuildPhase section */

/* Begin PBXVariantGroup section */
		BC4F1DA8251A4D8000EE45C0 /* Main.storyboard */ = {
			isa = PBXVariantGroup;
			children = (
				BC4F1DA9251A4D8000EE45C0 /* Base */,
			);
			name = Main.storyboard;
			sourceTree = "<group>";
		};
		BC4F1DAD251A4D8400EE45C0 /* LaunchScreen.storyboard */ = {
			isa = PBXVariantGroup;
			children = (
				BC4F1DAE251A4D8400EE45C0 /* Base */,
			);
			name = LaunchScreen.storyboard;
			sourceTree = "<group>";
		};
/* End PBXVariantGroup section */

/* Begin XCBuildConfiguration section */
		BC4F1DB1251A4D8400EE45C0 /* Debug */ = {
			isa = XCBuildConfiguration;
			buildSettings = {
				ALWAYS_SEARCH_USER_PATHS = NO;
				CLANG_ANALYZER_NONNULL = YES;
				CLANG_ANALYZER_NUMBER_OBJECT_CONVERSION = YES_AGGRESSIVE;
				CLANG_CXX_LANGUAGE_STANDARD = "gnu++14";
				CLANG_CXX_LIBRARY = "libc++";
				CLANG_ENABLE_MODULES = YES;
				CLANG_ENABLE_OBJC_ARC = YES;
				CLANG_ENABLE_OBJC_WEAK = YES;
				CLANG_WARN_BLOCK_CAPTURE_AUTORELEASING = YES;
				CLANG_WARN_BOOL_CONVERSION = YES;
				CLANG_WARN_COMMA = YES;
				CLANG_WARN_CONSTANT_CONVERSION = YES;
				CLANG_WARN_DEPRECATED_OBJC_IMPLEMENTATIONS = YES;
				CLANG_WARN_DIRECT_OBJC_ISA_USAGE = YES_ERROR;
				CLANG_WARN_DOCUMENTATION_COMMENTS = YES;
				CLANG_WARN_EMPTY_BODY = YES;
				CLANG_WARN_ENUM_CONVERSION = YES;
				CLANG_WARN_INFINITE_RECURSION = YES;
				CLANG_WARN_INT_CONVERSION = YES;
				CLANG_WARN_NON_LITERAL_NULL_CONVERSION = YES;
				CLANG_WARN_OBJC_IMPLICIT_RETAIN_SELF = YES;
				CLANG_WARN_OBJC_LITERAL_CONVERSION = YES;
				CLANG_WARN_OBJC_ROOT_CLASS = YES_ERROR;
				CLANG_WARN_QUOTED_INCLUDE_IN_FRAMEWORK_HEADER = YES;
				CLANG_WARN_RANGE_LOOP_ANALYSIS = YES;
				CLANG_WARN_STRICT_PROTOTYPES = YES;
				CLANG_WARN_SUSPICIOUS_MOVE = YES;
				CLANG_WARN_UNGUARDED_AVAILABILITY = YES_AGGRESSIVE;
				CLANG_WARN_UNREACHABLE_CODE = YES;
				CLANG_WARN__DUPLICATE_METHOD_MATCH = YES;
				COPY_PHASE_STRIP = NO;
				DEBUG_INFORMATION_FORMAT = dwarf;
				ENABLE_STRICT_OBJC_MSGSEND = YES;
				ENABLE_TESTABILITY = YES;
				GCC_C_LANGUAGE_STANDARD = gnu11;
				GCC_DYNAMIC_NO_PIC = NO;
				GCC_NO_COMMON_BLOCKS = YES;
				GCC_OPTIMIZATION_LEVEL = 0;
				GCC_PREPROCESSOR_DEFINITIONS = (
					"DEBUG=1",
					"$(inherited)",
				);
				GCC_WARN_64_TO_32_BIT_CONVERSION = YES;
				GCC_WARN_ABOUT_RETURN_TYPE = YES_ERROR;
				GCC_WARN_UNDECLARED_SELECTOR = YES;
				GCC_WARN_UNINITIALIZED_AUTOS = YES_AGGRESSIVE;
				GCC_WARN_UNUSED_FUNCTION = YES;
				GCC_WARN_UNUSED_VARIABLE = YES;
				IPHONEOS_DEPLOYMENT_TARGET = 14.0;
				MTL_ENABLE_DEBUG_INFO = INCLUDE_SOURCE;
				MTL_FAST_MATH = YES;
				ONLY_ACTIVE_ARCH = YES;
				SDKROOT = iphoneos;
				SWIFT_ACTIVE_COMPILATION_CONDITIONS = DEBUG;
				SWIFT_OPTIMIZATION_LEVEL = "-Onone";
			};
			name = Debug;
		};
		BC4F1DB2251A4D8400EE45C0 /* Release */ = {
			isa = XCBuildConfiguration;
			buildSettings = {
				ALWAYS_SEARCH_USER_PATHS = NO;
				CLANG_ANALYZER_NONNULL = YES;
				CLANG_ANALYZER_NUMBER_OBJECT_CONVERSION = YES_AGGRESSIVE;
				CLANG_CXX_LANGUAGE_STANDARD = "gnu++14";
				CLANG_CXX_LIBRARY = "libc++";
				CLANG_ENABLE_MODULES = YES;
				CLANG_ENABLE_OBJC_ARC = YES;
				CLANG_ENABLE_OBJC_WEAK = YES;
				CLANG_WARN_BLOCK_CAPTURE_AUTORELEASING = YES;
				CLANG_WARN_BOOL_CONVERSION = YES;
				CLANG_WARN_COMMA = YES;
				CLANG_WARN_CONSTANT_CONVERSION = YES;
				CLANG_WARN_DEPRECATED_OBJC_IMPLEMENTATIONS = YES;
				CLANG_WARN_DIRECT_OBJC_ISA_USAGE = YES_ERROR;
				CLANG_WARN_DOCUMENTATION_COMMENTS = YES;
				CLANG_WARN_EMPTY_BODY = YES;
				CLANG_WARN_ENUM_CONVERSION = YES;
				CLANG_WARN_INFINITE_RECURSION = YES;
				CLANG_WARN_INT_CONVERSION = YES;
				CLANG_WARN_NON_LITERAL_NULL_CONVERSION = YES;
				CLANG_WARN_OBJC_IMPLICIT_RETAIN_SELF = YES;
				CLANG_WARN_OBJC_LITERAL_CONVERSION = YES;
				CLANG_WARN_OBJC_ROOT_CLASS = YES_ERROR;
				CLANG_WARN_QUOTED_INCLUDE_IN_FRAMEWORK_HEADER = YES;
				CLANG_WARN_RANGE_LOOP_ANALYSIS = YES;
				CLANG_WARN_STRICT_PROTOTYPES = YES;
				CLANG_WARN_SUSPICIOUS_MOVE = YES;
				CLANG_WARN_UNGUARDED_AVAILABILITY = YES_AGGRESSIVE;
				CLANG_WARN_UNREACHABLE_CODE = YES;
				CLANG_WARN__DUPLICATE_METHOD_MATCH = YES;
				COPY_PHASE_STRIP = NO;
				DEBUG_INFORMATION_FORMAT = "dwarf-with-dsym";
				ENABLE_NS_ASSERTIONS = NO;
				ENABLE_STRICT_OBJC_MSGSEND = YES;
				GCC_C_LANGUAGE_STANDARD = gnu11;
				GCC_NO_COMMON_BLOCKS = YES;
				GCC_WARN_64_TO_32_BIT_CONVERSION = YES;
				GCC_WARN_ABOUT_RETURN_TYPE = YES_ERROR;
				GCC_WARN_UNDECLARED_SELECTOR = YES;
				GCC_WARN_UNINITIALIZED_AUTOS = YES_AGGRESSIVE;
				GCC_WARN_UNUSED_FUNCTION = YES;
				GCC_WARN_UNUSED_VARIABLE = YES;
				IPHONEOS_DEPLOYMENT_TARGET = 14.0;
				MTL_ENABLE_DEBUG_INFO = NO;
				MTL_FAST_MATH = YES;
				SDKROOT = iphoneos;
				SWIFT_COMPILATION_MODE = wholemodule;
				SWIFT_OPTIMIZATION_LEVEL = "-O";
				VALIDATE_PRODUCT = YES;
			};
			name = Release;
		};
		BC4F1DB4251A4D8400EE45C0 /* Debug */ = {
			isa = XCBuildConfiguration;
			buildSettings = {
				ASSETCATALOG_COMPILER_APPICON_NAME = AppIcon;
				ASSETCATALOG_COMPILER_GLOBAL_ACCENT_COLOR_NAME = AccentColor;
				CODE_SIGN_STYLE = Automatic;
				INFOPLIST_FILE = BOW/Info.plist;
				LD_RUNPATH_SEARCH_PATHS = (
					"$(inherited)",
					"@executable_path/Frameworks",
				);
				PRODUCT_BUNDLE_IDENTIFIER = abdelrahman.BOW;
				PRODUCT_NAME = "$(TARGET_NAME)";
				SWIFT_VERSION = 5.0;
				TARGETED_DEVICE_FAMILY = "1,2";
			};
			name = Debug;
		};
		BC4F1DB5251A4D8400EE45C0 /* Release */ = {
			isa = XCBuildConfiguration;
			buildSettings = {
				ASSETCATALOG_COMPILER_APPICON_NAME = AppIcon;
				ASSETCATALOG_COMPILER_GLOBAL_ACCENT_COLOR_NAME = AccentColor;
				CODE_SIGN_STYLE = Automatic;
				INFOPLIST_FILE = BOW/Info.plist;
				LD_RUNPATH_SEARCH_PATHS = (
					"$(inherited)",
					"@executable_path/Frameworks",
				);
				PRODUCT_BUNDLE_IDENTIFIER = abdelrahman.BOW;
				PRODUCT_NAME = "$(TARGET_NAME)";
				SWIFT_VERSION = 5.0;
				TARGETED_DEVICE_FAMILY = "1,2";
			};
			name = Release;
		};
/* End XCBuildConfiguration section */

/* Begin XCConfigurationList section */
		BC4F1D9A251A4D7F00EE45C0 /* Build configuration list for PBXProject "BOW" */ = {
			isa = XCConfigurationList;
			buildConfigurations = (
				BC4F1DB1251A4D8400EE45C0 /* Debug */,
				BC4F1DB2251A4D8400EE45C0 /* Release */,
			);
			defaultConfigurationIsVisible = 0;
			defaultConfigurationName = Release;
		};
		BC4F1DB3251A4D8400EE45C0 /* Build configuration list for PBXNativeTarget "BOW" */ = {
			isa = XCConfigurationList;
			buildConfigurations = (
				BC4F1DB4251A4D8400EE45C0 /* Debug */,
				BC4F1DB5251A4D8400EE45C0 /* Release */,
			);
			defaultConfigurationIsVisible = 0;
			defaultConfigurationName = Release;
		};
/* End XCConfigurationList section */
	};
	rootObject = BC4F1D97251A4D7F00EE45C0 /* Project object */;
}
